
Microsoft Visual Studio Solution File, Format Version 12.00
# Visual Studio Version 17
VisualStudioVersion = 17.1.32210.238
MinimumVisualStudioVersion = 10.0.40219.1
Project("{9A19103F-16F7-4668-BE54-9A1E7A4F7556}") = "ToyRobotTest", "ToyRobotTest\ToyRobotTest.csproj", "{37002D66-8180-4F4A-AC05-0A36A1537A51}"
EndProject
Project("{FAE04EC0-301F-11D3-BF4B-00C04F79EFBC}") = "ToyRobotTest.Test", "ToyRobotTest.Test\ToyRobotTest.Test.csproj", "{FE030ECE-B45A-488B-9EAE-CB40B550DA71}"
EndProject
Global
	GlobalSection(SolutionConfigurationPlatforms) = preSolution
		Debug|Any CPU = Debug|Any CPU
		Release|Any CPU = Release|Any CPU
	EndGlobalSection
	GlobalSection(ProjectConfigurationPlatforms) = postSolution
		{37002D66-8180-4F4A-AC05-0A36A1537A51}.Debug|Any CPU.ActiveCfg = Debug|Any CPU
		{37002D66-8180-4F4A-AC05-0A36A1537A51}.Debug|Any CPU.Build.0 = Debug|Any CPU
		{37002D66-8180-4F4A-AC05-0A36A1537A51}.Release|Any CPU.ActiveCfg = Release|Any CPU
		{37002D66-8180-4F4A-AC05-0A36A1537A51}.Release|Any CPU.Build.0 = Release|Any CPU
		{FE030ECE-B45A-488B-9EAE-CB40B550DA71}.Debug|Any CPU.ActiveCfg = Debug|Any CPU
		{FE030ECE-B45A-488B-9EAE-CB40B550DA71}.Debug|Any CPU.Build.0 = Debug|Any CPU
		{FE030ECE-B45A-488B-9EAE-CB40B550DA71}.Release|Any CPU.ActiveCfg = Release|Any CPU
		{FE030ECE-B45A-488B-9EAE-CB40B550DA71}.Release|Any CPU.Build.0 = Release|Any CPU
	EndGlobalSection
	GlobalSection(SolutionProperties) = preSolution
		HideSolutionNode = FALSE
	EndGlobalSection
	GlobalSection(ExtensibilityGlobals) = postSolution
		SolutionGuid = {63EC3812-9193-44F9-8916-BE0D8F177F0F}
	EndGlobalSection
EndGlobal
